// !$*UTF8*$!
{
	archiveVersion = 1;
	classes = {
	};
	objectVersion = 50;
	objects = {

/* Begin PBXBuildFile section */
		07F46C8525277C7E007DC6AC /* SortTypes.swift in Sources */ = {isa = PBXBuildFile; fileRef = 07F46C8425277C7E007DC6AC /* SortTypes.swift */; };
		3307EC692537AFB100963CC4 /* Extensions.swift in Sources */ = {isa = PBXBuildFile; fileRef = 3307EC682537AFB100963CC4 /* Extensions.swift */; };
		4F953E502531C25E0027144C /* EmptyState.swift in Sources */ = {isa = PBXBuildFile; fileRef = 4F953E4F2531C25E0027144C /* EmptyState.swift */; };
		5BBE559E2523A42700090F87 /* AppDelegate.swift in Sources */ = {isa = PBXBuildFile; fileRef = 5BBE559D2523A42700090F87 /* AppDelegate.swift */; };
		5BBE55A02523A42700090F87 /* SceneDelegate.swift in Sources */ = {isa = PBXBuildFile; fileRef = 5BBE559F2523A42700090F87 /* SceneDelegate.swift */; };
		5BBE55A52523A42700090F87 /* Main.storyboard in Resources */ = {isa = PBXBuildFile; fileRef = 5BBE55A32523A42700090F87 /* Main.storyboard */; };
		5BBE55A82523A42700090F87 /* To_Do.xcdatamodeld in Sources */ = {isa = PBXBuildFile; fileRef = 5BBE55A62523A42700090F87 /* To_Do.xcdatamodeld */; };
		5BBE55AA2523A42C00090F87 /* Assets.xcassets in Resources */ = {isa = PBXBuildFile; fileRef = 5BBE55A92523A42C00090F87 /* Assets.xcassets */; };
		5BBE55AD2523A42C00090F87 /* LaunchScreen.storyboard in Resources */ = {isa = PBXBuildFile; fileRef = 5BBE55AB2523A42C00090F87 /* LaunchScreen.storyboard */; };
		5BBE55B72523A90A00090F87 /* TodoViewController.swift in Sources */ = {isa = PBXBuildFile; fileRef = 5BBE55B62523A90A00090F87 /* TodoViewController.swift */; };
		5BBE55C925245DBF00090F87 /* TaskDetailsViewController.swift in Sources */ = {isa = PBXBuildFile; fileRef = 5BBE55C825245DBF00090F87 /* TaskDetailsViewController.swift */; };
		5BBE55CB2524623900090F87 /* TextviewBorder.swift in Sources */ = {isa = PBXBuildFile; fileRef = 5BBE55CA2524623900090F87 /* TextviewBorder.swift */; };
		5BC2F07B2532D10F00B648C2 /* Constants.swift in Sources */ = {isa = PBXBuildFile; fileRef = 5BC2F07A2532D10F00B648C2 /* Constants.swift */; };
		603B4C66252647BD00579EC6 /* ResultsTableController.swift in Sources */ = {isa = PBXBuildFile; fileRef = 603B4C65252647BD00579EC6 /* ResultsTableController.swift */; };
		6555BCAC252C3FAC00E7DF3D /* TaskTests.swift in Sources */ = {isa = PBXBuildFile; fileRef = 6555BCAB252C3FAC00E7DF3D /* TaskTests.swift */; };
		8E6209BD25291AF0004CE4B9 /* OnboardingViewController.swift in Sources */ = {isa = PBXBuildFile; fileRef = 8E6209BC25291AF0004CE4B9 /* OnboardingViewController.swift */; };
		AB95E033252712C4008C4E48 /* TaskCell.swift in Sources */ = {isa = PBXBuildFile; fileRef = AB95E032252712C4008C4E48 /* TaskCell.swift */; };
		E924B484252D53F3004FD116 /* CameraHelper.swift in Sources */ = {isa = PBXBuildFile; fileRef = E924B483252D53F3004FD116 /* CameraHelper.swift */; };
		E924B487252D63FE004FD116 /* ImageAttachmentCell.swift in Sources */ = {isa = PBXBuildFile; fileRef = E924B486252D63FD004FD116 /* ImageAttachmentCell.swift */; };
		FF2303B42529183700B88831 /* Alert.swift in Sources */ = {isa = PBXBuildFile; fileRef = FF2303B32529183700B88831 /* Alert.swift */; };
		FFA6683A2530E07F004E1DE3 /* TaskHistoryViewController.swift in Sources */ = {isa = PBXBuildFile; fileRef = FFA668392530E07F004E1DE3 /* TaskHistoryViewController.swift */; };
/* End PBXBuildFile section */

/* Begin PBXContainerItemProxy section */
		6555BCAE252C3FAC00E7DF3D /* PBXContainerItemProxy */ = {
			isa = PBXContainerItemProxy;
			containerPortal = 5BBE55922523A42700090F87 /* Project object */;
			proxyType = 1;
			remoteGlobalIDString = 5BBE55992523A42700090F87;
			remoteInfo = "To-Do";
		};
/* End PBXContainerItemProxy section */

/* Begin PBXFileReference section */
		07F46C8425277C7E007DC6AC /* SortTypes.swift */ = {isa = PBXFileReference; lastKnownFileType = sourcecode.swift; path = SortTypes.swift; sourceTree = "<group>"; };
		3307EC682537AFB100963CC4 /* Extensions.swift */ = {isa = PBXFileReference; lastKnownFileType = sourcecode.swift; path = Extensions.swift; sourceTree = "<group>"; };
		4F953E4F2531C25E0027144C /* EmptyState.swift */ = {isa = PBXFileReference; lastKnownFileType = sourcecode.swift; path = EmptyState.swift; sourceTree = "<group>"; };
		5BBE559A2523A42700090F87 /* To-Do.app */ = {isa = PBXFileReference; explicitFileType = wrapper.application; includeInIndex = 0; path = "To-Do.app"; sourceTree = BUILT_PRODUCTS_DIR; };
		5BBE559D2523A42700090F87 /* AppDelegate.swift */ = {isa = PBXFileReference; lastKnownFileType = sourcecode.swift; path = AppDelegate.swift; sourceTree = "<group>"; };
		5BBE559F2523A42700090F87 /* SceneDelegate.swift */ = {isa = PBXFileReference; lastKnownFileType = sourcecode.swift; path = SceneDelegate.swift; sourceTree = "<group>"; };
		5BBE55A42523A42700090F87 /* Base */ = {isa = PBXFileReference; lastKnownFileType = file.storyboard; name = Base; path = Base.lproj/Main.storyboard; sourceTree = "<group>"; };
		5BBE55A72523A42700090F87 /* To_Do.xcdatamodel */ = {isa = PBXFileReference; lastKnownFileType = wrapper.xcdatamodel; path = To_Do.xcdatamodel; sourceTree = "<group>"; };
		5BBE55A92523A42C00090F87 /* Assets.xcassets */ = {isa = PBXFileReference; lastKnownFileType = folder.assetcatalog; path = Assets.xcassets; sourceTree = "<group>"; };
		5BBE55AC2523A42C00090F87 /* Base */ = {isa = PBXFileReference; lastKnownFileType = file.storyboard; name = Base; path = Base.lproj/LaunchScreen.storyboard; sourceTree = "<group>"; };
		5BBE55AE2523A42C00090F87 /* Info.plist */ = {isa = PBXFileReference; lastKnownFileType = text.plist.xml; name = Info.plist; path = "To-Do/Helpers/Info.plist"; sourceTree = SOURCE_ROOT; };
		5BBE55B62523A90A00090F87 /* TodoViewController.swift */ = {isa = PBXFileReference; lastKnownFileType = sourcecode.swift; path = TodoViewController.swift; sourceTree = "<group>"; };
		5BBE55C825245DBF00090F87 /* TaskDetailsViewController.swift */ = {isa = PBXFileReference; lastKnownFileType = sourcecode.swift; path = TaskDetailsViewController.swift; sourceTree = "<group>"; };
		5BBE55CA2524623900090F87 /* TextviewBorder.swift */ = {isa = PBXFileReference; lastKnownFileType = sourcecode.swift; path = TextviewBorder.swift; sourceTree = "<group>"; };
		5BC2F07A2532D10F00B648C2 /* Constants.swift */ = {isa = PBXFileReference; lastKnownFileType = sourcecode.swift; path = Constants.swift; sourceTree = "<group>"; };
		603B4C65252647BD00579EC6 /* ResultsTableController.swift */ = {isa = PBXFileReference; lastKnownFileType = sourcecode.swift; path = ResultsTableController.swift; sourceTree = "<group>"; };
		6555BCA9252C3FAC00E7DF3D /* To-DoTests.xctest */ = {isa = PBXFileReference; explicitFileType = wrapper.cfbundle; includeInIndex = 0; path = "To-DoTests.xctest"; sourceTree = BUILT_PRODUCTS_DIR; };
		6555BCAB252C3FAC00E7DF3D /* TaskTests.swift */ = {isa = PBXFileReference; lastKnownFileType = sourcecode.swift; path = TaskTests.swift; sourceTree = "<group>"; };
		6555BCAD252C3FAC00E7DF3D /* Info.plist */ = {isa = PBXFileReference; lastKnownFileType = text.plist.xml; path = Info.plist; sourceTree = "<group>"; };
		8E6209BC25291AF0004CE4B9 /* OnboardingViewController.swift */ = {isa = PBXFileReference; lastKnownFileType = sourcecode.swift; path = OnboardingViewController.swift; sourceTree = "<group>"; };
		AB95E032252712C4008C4E48 /* TaskCell.swift */ = {isa = PBXFileReference; lastKnownFileType = sourcecode.swift; path = TaskCell.swift; sourceTree = "<group>"; };
		E924B483252D53F3004FD116 /* CameraHelper.swift */ = {isa = PBXFileReference; lastKnownFileType = sourcecode.swift; path = CameraHelper.swift; sourceTree = "<group>"; };
		E924B486252D63FD004FD116 /* ImageAttachmentCell.swift */ = {isa = PBXFileReference; lastKnownFileType = sourcecode.swift; path = ImageAttachmentCell.swift; sourceTree = "<group>"; };
		E924B48A252D686A004FD116 /* To_Do2.xcdatamodel */ = {isa = PBXFileReference; lastKnownFileType = wrapper.xcdatamodel; path = To_Do2.xcdatamodel; sourceTree = "<group>"; };
		FF2303B32529183700B88831 /* Alert.swift */ = {isa = PBXFileReference; lastKnownFileType = sourcecode.swift; path = Alert.swift; sourceTree = "<group>"; };
		FFA668392530E07F004E1DE3 /* TaskHistoryViewController.swift */ = {isa = PBXFileReference; lastKnownFileType = sourcecode.swift; path = TaskHistoryViewController.swift; sourceTree = "<group>"; };
/* End PBXFileReference section */

/* Begin PBXFrameworksBuildPhase section */
		5BBE55972523A42700090F87 /* Frameworks */ = {
			isa = PBXFrameworksBuildPhase;
			buildActionMask = 2147483647;
			files = (
			);
			runOnlyForDeploymentPostprocessing = 0;
		};
		6555BCA6252C3FAC00E7DF3D /* Frameworks */ = {
			isa = PBXFrameworksBuildPhase;
			buildActionMask = 2147483647;
			files = (
			);
			runOnlyForDeploymentPostprocessing = 0;
		};
/* End PBXFrameworksBuildPhase section */

/* Begin PBXGroup section */
		5BBE55912523A42700090F87 = {
			isa = PBXGroup;
			children = (
				5BBE559C2523A42700090F87 /* To-Do */,
				6555BCAA252C3FAC00E7DF3D /* To-DoTests */,
				5BBE559B2523A42700090F87 /* Products */,
			);
			sourceTree = "<group>";
		};
		5BBE559B2523A42700090F87 /* Products */ = {
			isa = PBXGroup;
			children = (
				5BBE559A2523A42700090F87 /* To-Do.app */,
				6555BCA9252C3FAC00E7DF3D /* To-DoTests.xctest */,
			);
			name = Products;
			sourceTree = "<group>";
		};
		5BBE559C2523A42700090F87 /* To-Do */ = {
			isa = PBXGroup;
			children = (
				5BBE55C1252453E500090F87 /* Helpers */,
				5BBE55C0252453D700090F87 /* Controller */,
				5BBE55BF252453CB00090F87 /* View */,
				5BBE55BE252453C400090F87 /* Model */,
			);
			path = "To-Do";
			sourceTree = "<group>";
		};
		5BBE55BE252453C400090F87 /* Model */ = {
			isa = PBXGroup;
			children = (
				5BBE55A62523A42700090F87 /* To_Do.xcdatamodeld */,
				07F46C8425277C7E007DC6AC /* SortTypes.swift */,
			);
			path = Model;
			sourceTree = "<group>";
		};
		5BBE55BF252453CB00090F87 /* View */ = {
			isa = PBXGroup;
			children = (
				5BC2F0822532D86900B648C2 /* Cells */,
				4F953E4F2531C25E0027144C /* EmptyState.swift */,
				5BBE55A32523A42700090F87 /* Main.storyboard */,
				5BBE55A92523A42C00090F87 /* Assets.xcassets */,
				5BBE55AB2523A42C00090F87 /* LaunchScreen.storyboard */,
			);
			path = View;
			sourceTree = "<group>";
		};
		5BBE55C0252453D700090F87 /* Controller */ = {
			isa = PBXGroup;
			children = (
				5BBE55B62523A90A00090F87 /* TodoViewController.swift */,
				5BBE55C825245DBF00090F87 /* TaskDetailsViewController.swift */,
				603B4C65252647BD00579EC6 /* ResultsTableController.swift */,
				8E6209BC25291AF0004CE4B9 /* OnboardingViewController.swift */,
				FFA668392530E07F004E1DE3 /* TaskHistoryViewController.swift */,
			);
			path = Controller;
			sourceTree = "<group>";
		};
		5BBE55C1252453E500090F87 /* Helpers */ = {
			isa = PBXGroup;
			children = (
				5BBE55AE2523A42C00090F87 /* Info.plist */,
				5BBE559D2523A42700090F87 /* AppDelegate.swift */,
				5BBE559F2523A42700090F87 /* SceneDelegate.swift */,
				5BBE55CA2524623900090F87 /* TextviewBorder.swift */,
				FF2303B32529183700B88831 /* Alert.swift */,
				E924B483252D53F3004FD116 /* CameraHelper.swift */,
				5BC2F07A2532D10F00B648C2 /* Constants.swift */,
				3307EC682537AFB100963CC4 /* Extensions.swift */,
			);
			path = Helpers;
			sourceTree = "<group>";
		};
		5BC2F0822532D86900B648C2 /* Cells */ = {
			isa = PBXGroup;
			children = (
				E924B486252D63FD004FD116 /* ImageAttachmentCell.swift */,
				AB95E032252712C4008C4E48 /* TaskCell.swift */,
			);
			path = Cells;
			sourceTree = "<group>";
		};
		6555BCAA252C3FAC00E7DF3D /* To-DoTests */ = {
			isa = PBXGroup;
			children = (
				6555BCAB252C3FAC00E7DF3D /* TaskTests.swift */,
				6555BCAD252C3FAC00E7DF3D /* Info.plist */,
			);
			path = "To-DoTests";
			sourceTree = "<group>";
		};
/* End PBXGroup section */

/* Begin PBXNativeTarget section */
		5BBE55992523A42700090F87 /* To-Do */ = {
			isa = PBXNativeTarget;
			buildConfigurationList = 5BBE55B12523A42C00090F87 /* Build configuration list for PBXNativeTarget "To-Do" */;
			buildPhases = (
				5BBE55962523A42700090F87 /* Sources */,
				5BBE55972523A42700090F87 /* Frameworks */,
				5BBE55982523A42700090F87 /* Resources */,
			);
			buildRules = (
			);
			dependencies = (
			);
			name = "To-Do";
			productName = "To-Do";
			productReference = 5BBE559A2523A42700090F87 /* To-Do.app */;
			productType = "com.apple.product-type.application";
		};
		6555BCA8252C3FAC00E7DF3D /* To-DoTests */ = {
			isa = PBXNativeTarget;
			buildConfigurationList = 6555BCB2252C3FAC00E7DF3D /* Build configuration list for PBXNativeTarget "To-DoTests" */;
			buildPhases = (
				6555BCA5252C3FAC00E7DF3D /* Sources */,
				6555BCA6252C3FAC00E7DF3D /* Frameworks */,
				6555BCA7252C3FAC00E7DF3D /* Resources */,
			);
			buildRules = (
			);
			dependencies = (
				6555BCAF252C3FAC00E7DF3D /* PBXTargetDependency */,
			);
			name = "To-DoTests";
			productName = "To-DoTests";
			productReference = 6555BCA9252C3FAC00E7DF3D /* To-DoTests.xctest */;
			productType = "com.apple.product-type.bundle.unit-test";
		};
/* End PBXNativeTarget section */

/* Begin PBXProject section */
		5BBE55922523A42700090F87 /* Project object */ = {
			isa = PBXProject;
			attributes = {
				LastSwiftUpdateCheck = 1200;
				LastUpgradeCheck = 1170;
				ORGANIZATIONNAME = "Aaryan Kothari";
				TargetAttributes = {
					5BBE55992523A42700090F87 = {
						CreatedOnToolsVersion = 11.7;
					};
					6555BCA8252C3FAC00E7DF3D = {
						CreatedOnToolsVersion = 12.0;
						TestTargetID = 5BBE55992523A42700090F87;
					};
				};
			};
			buildConfigurationList = 5BBE55952523A42700090F87 /* Build configuration list for PBXProject "To-Do" */;
			compatibilityVersion = "Xcode 9.3";
			developmentRegion = en;
			hasScannedForEncodings = 0;
			knownRegions = (
				en,
				Base,
			);
			mainGroup = 5BBE55912523A42700090F87;
			productRefGroup = 5BBE559B2523A42700090F87 /* Products */;
			projectDirPath = "";
			projectRoot = "";
			targets = (
				5BBE55992523A42700090F87 /* To-Do */,
				6555BCA8252C3FAC00E7DF3D /* To-DoTests */,
			);
		};
/* End PBXProject section */

/* Begin PBXResourcesBuildPhase section */
		5BBE55982523A42700090F87 /* Resources */ = {
			isa = PBXResourcesBuildPhase;
			buildActionMask = 2147483647;
			files = (
				5BBE55AD2523A42C00090F87 /* LaunchScreen.storyboard in Resources */,
				5BBE55AA2523A42C00090F87 /* Assets.xcassets in Resources */,
				5BBE55A52523A42700090F87 /* Main.storyboard in Resources */,
			);
			runOnlyForDeploymentPostprocessing = 0;
		};
		6555BCA7252C3FAC00E7DF3D /* Resources */ = {
			isa = PBXResourcesBuildPhase;
			buildActionMask = 2147483647;
			files = (
			);
			runOnlyForDeploymentPostprocessing = 0;
		};
/* End PBXResourcesBuildPhase section */

/* Begin PBXSourcesBuildPhase section */
		5BBE55962523A42700090F87 /* Sources */ = {
			isa = PBXSourcesBuildPhase;
			buildActionMask = 2147483647;
			files = (
				07F46C8525277C7E007DC6AC /* SortTypes.swift in Sources */,
				4F953E502531C25E0027144C /* EmptyState.swift in Sources */,
				5BBE55B72523A90A00090F87 /* TodoViewController.swift in Sources */,
				E924B484252D53F3004FD116 /* CameraHelper.swift in Sources */,
				5BBE559E2523A42700090F87 /* AppDelegate.swift in Sources */,
				5BBE55A02523A42700090F87 /* SceneDelegate.swift in Sources */,
				5BBE55A82523A42700090F87 /* To_Do.xcdatamodeld in Sources */,
				5BC2F07B2532D10F00B648C2 /* Constants.swift in Sources */,
				5BBE55CB2524623900090F87 /* TextviewBorder.swift in Sources */,
				E924B487252D63FE004FD116 /* ImageAttachmentCell.swift in Sources */,
				603B4C66252647BD00579EC6 /* ResultsTableController.swift in Sources */,
				8E6209BD25291AF0004CE4B9 /* OnboardingViewController.swift in Sources */,
				5BBE55C925245DBF00090F87 /* TaskDetailsViewController.swift in Sources */,
				FF2303B42529183700B88831 /* Alert.swift in Sources */,
				3307EC692537AFB100963CC4 /* Extensions.swift in Sources */,
				FFA6683A2530E07F004E1DE3 /* TaskHistoryViewController.swift in Sources */,
				AB95E033252712C4008C4E48 /* TaskCell.swift in Sources */,
			);
			runOnlyForDeploymentPostprocessing = 0;
		};
		6555BCA5252C3FAC00E7DF3D /* Sources */ = {
			isa = PBXSourcesBuildPhase;
			buildActionMask = 2147483647;
			files = (
				6555BCAC252C3FAC00E7DF3D /* TaskTests.swift in Sources */,
			);
			runOnlyForDeploymentPostprocessing = 0;
		};
/* End PBXSourcesBuildPhase section */

/* Begin PBXTargetDependency section */
		6555BCAF252C3FAC00E7DF3D /* PBXTargetDependency */ = {
			isa = PBXTargetDependency;
			target = 5BBE55992523A42700090F87 /* To-Do */;
			targetProxy = 6555BCAE252C3FAC00E7DF3D /* PBXContainerItemProxy */;
		};
/* End PBXTargetDependency section */

/* Begin PBXVariantGroup section */
		5BBE55A32523A42700090F87 /* Main.storyboard */ = {
			isa = PBXVariantGroup;
			children = (
				5BBE55A42523A42700090F87 /* Base */,
			);
			name = Main.storyboard;
			sourceTree = "<group>";
		};
		5BBE55AB2523A42C00090F87 /* LaunchScreen.storyboard */ = {
			isa = PBXVariantGroup;
			children = (
				5BBE55AC2523A42C00090F87 /* Base */,
			);
			name = LaunchScreen.storyboard;
			sourceTree = "<group>";
		};
/* End PBXVariantGroup section */

/* Begin XCBuildConfiguration section */
		5BBE55AF2523A42C00090F87 /* Debug */ = {
			isa = XCBuildConfiguration;
			buildSettings = {
				ALWAYS_SEARCH_USER_PATHS = NO;
				CLANG_ANALYZER_NONNULL = YES;
				CLANG_ANALYZER_NUMBER_OBJECT_CONVERSION = YES_AGGRESSIVE;
				CLANG_CXX_LANGUAGE_STANDARD = "gnu++14";
				CLANG_CXX_LIBRARY = "libc++";
				CLANG_ENABLE_MODULES = YES;
				CLANG_ENABLE_OBJC_ARC = YES;
				CLANG_ENABLE_OBJC_WEAK = YES;
				CLANG_WARN_BLOCK_CAPTURE_AUTORELEASING = YES;
				CLANG_WARN_BOOL_CONVERSION = YES;
				CLANG_WARN_COMMA = YES;
				CLANG_WARN_CONSTANT_CONVERSION = YES;
				CLANG_WARN_DEPRECATED_OBJC_IMPLEMENTATIONS = YES;
				CLANG_WARN_DIRECT_OBJC_ISA_USAGE = YES_ERROR;
				CLANG_WARN_DOCUMENTATION_COMMENTS = YES;
				CLANG_WARN_EMPTY_BODY = YES;
				CLANG_WARN_ENUM_CONVERSION = YES;
				CLANG_WARN_INFINITE_RECURSION = YES;
				CLANG_WARN_INT_CONVERSION = YES;
				CLANG_WARN_NON_LITERAL_NULL_CONVERSION = YES;
				CLANG_WARN_OBJC_IMPLICIT_RETAIN_SELF = YES;
				CLANG_WARN_OBJC_LITERAL_CONVERSION = YES;
				CLANG_WARN_OBJC_ROOT_CLASS = YES_ERROR;
				CLANG_WARN_RANGE_LOOP_ANALYSIS = YES;
				CLANG_WARN_STRICT_PROTOTYPES = YES;
				CLANG_WARN_SUSPICIOUS_MOVE = YES;
				CLANG_WARN_UNGUARDED_AVAILABILITY = YES_AGGRESSIVE;
				CLANG_WARN_UNREACHABLE_CODE = YES;
				CLANG_WARN__DUPLICATE_METHOD_MATCH = YES;
				COPY_PHASE_STRIP = NO;
				DEBUG_INFORMATION_FORMAT = dwarf;
				ENABLE_STRICT_OBJC_MSGSEND = YES;
				ENABLE_TESTABILITY = YES;
				GCC_C_LANGUAGE_STANDARD = gnu11;
				GCC_DYNAMIC_NO_PIC = NO;
				GCC_NO_COMMON_BLOCKS = YES;
				GCC_OPTIMIZATION_LEVEL = 0;
				GCC_PREPROCESSOR_DEFINITIONS = (
					"DEBUG=1",
					"$(inherited)",
				);
				GCC_WARN_64_TO_32_BIT_CONVERSION = YES;
				GCC_WARN_ABOUT_RETURN_TYPE = YES_ERROR;
				GCC_WARN_UNDECLARED_SELECTOR = YES;
				GCC_WARN_UNINITIALIZED_AUTOS = YES_AGGRESSIVE;
				GCC_WARN_UNUSED_FUNCTION = YES;
				GCC_WARN_UNUSED_VARIABLE = YES;
				IPHONEOS_DEPLOYMENT_TARGET = 13.7;
				MTL_ENABLE_DEBUG_INFO = INCLUDE_SOURCE;
				MTL_FAST_MATH = YES;
				ONLY_ACTIVE_ARCH = YES;
				SDKROOT = iphoneos;
				SWIFT_ACTIVE_COMPILATION_CONDITIONS = DEBUG;
				SWIFT_OPTIMIZATION_LEVEL = "-Onone";
			};
			name = Debug;
		};
		5BBE55B02523A42C00090F87 /* Release */ = {
			isa = XCBuildConfiguration;
			buildSettings = {
				ALWAYS_SEARCH_USER_PATHS = NO;
				CLANG_ANALYZER_NONNULL = YES;
				CLANG_ANALYZER_NUMBER_OBJECT_CONVERSION = YES_AGGRESSIVE;
				CLANG_CXX_LANGUAGE_STANDARD = "gnu++14";
				CLANG_CXX_LIBRARY = "libc++";
				CLANG_ENABLE_MODULES = YES;
				CLANG_ENABLE_OBJC_ARC = YES;
				CLANG_ENABLE_OBJC_WEAK = YES;
				CLANG_WARN_BLOCK_CAPTURE_AUTORELEASING = YES;
				CLANG_WARN_BOOL_CONVERSION = YES;
				CLANG_WARN_COMMA = YES;
				CLANG_WARN_CONSTANT_CONVERSION = YES;
				CLANG_WARN_DEPRECATED_OBJC_IMPLEMENTATIONS = YES;
				CLANG_WARN_DIRECT_OBJC_ISA_USAGE = YES_ERROR;
				CLANG_WARN_DOCUMENTATION_COMMENTS = YES;
				CLANG_WARN_EMPTY_BODY = YES;
				CLANG_WARN_ENUM_CONVERSION = YES;
				CLANG_WARN_INFINITE_RECURSION = YES;
				CLANG_WARN_INT_CONVERSION = YES;
				CLANG_WARN_NON_LITERAL_NULL_CONVERSION = YES;
				CLANG_WARN_OBJC_IMPLICIT_RETAIN_SELF = YES;
				CLANG_WARN_OBJC_LITERAL_CONVERSION = YES;
				CLANG_WARN_OBJC_ROOT_CLASS = YES_ERROR;
				CLANG_WARN_RANGE_LOOP_ANALYSIS = YES;
				CLANG_WARN_STRICT_PROTOTYPES = YES;
				CLANG_WARN_SUSPICIOUS_MOVE = YES;
				CLANG_WARN_UNGUARDED_AVAILABILITY = YES_AGGRESSIVE;
				CLANG_WARN_UNREACHABLE_CODE = YES;
				CLANG_WARN__DUPLICATE_METHOD_MATCH = YES;
				COPY_PHASE_STRIP = NO;
				DEBUG_INFORMATION_FORMAT = "dwarf-with-dsym";
				ENABLE_NS_ASSERTIONS = NO;
				ENABLE_STRICT_OBJC_MSGSEND = YES;
				GCC_C_LANGUAGE_STANDARD = gnu11;
				GCC_NO_COMMON_BLOCKS = YES;
				GCC_WARN_64_TO_32_BIT_CONVERSION = YES;
				GCC_WARN_ABOUT_RETURN_TYPE = YES_ERROR;
				GCC_WARN_UNDECLARED_SELECTOR = YES;
				GCC_WARN_UNINITIALIZED_AUTOS = YES_AGGRESSIVE;
				GCC_WARN_UNUSED_FUNCTION = YES;
				GCC_WARN_UNUSED_VARIABLE = YES;
				IPHONEOS_DEPLOYMENT_TARGET = 13.7;
				MTL_ENABLE_DEBUG_INFO = NO;
				MTL_FAST_MATH = YES;
				SDKROOT = iphoneos;
				SWIFT_COMPILATION_MODE = wholemodule;
				SWIFT_OPTIMIZATION_LEVEL = "-O";
				VALIDATE_PRODUCT = YES;
			};
			name = Release;
		};
		5BBE55B22523A42C00090F87 /* Debug */ = {
			isa = XCBuildConfiguration;
			buildSettings = {
				ASSETCATALOG_COMPILER_APPICON_NAME = AppIcon;
				CODE_SIGN_STYLE = Automatic;
				DEVELOPMENT_TEAM = F8CHS6PHQS;
				ENABLE_TESTABILITY = YES;
				INFOPLIST_FILE = "To-Do/Helpers/Info.plist";
				IPHONEOS_DEPLOYMENT_TARGET = 13.2;
				LD_RUNPATH_SEARCH_PATHS = (
					"$(inherited)",
					"@executable_path/Frameworks",
				);
				PRODUCT_BUNDLE_IDENTIFIER = "ak.To-Do";
				PRODUCT_NAME = "$(TARGET_NAME)";
				SWIFT_VERSION = 5.0;
				TARGETED_DEVICE_FAMILY = "1,2";
			};
			name = Debug;
		};
		5BBE55B32523A42C00090F87 /* Release */ = {
			isa = XCBuildConfiguration;
			buildSettings = {
				ASSETCATALOG_COMPILER_APPICON_NAME = AppIcon;
				CODE_SIGN_STYLE = Automatic;
				DEVELOPMENT_TEAM = F8CHS6PHQS;
				ENABLE_TESTABILITY = YES;
				INFOPLIST_FILE = "To-Do/Helpers/Info.plist";
				IPHONEOS_DEPLOYMENT_TARGET = 13.2;
				LD_RUNPATH_SEARCH_PATHS = (
					"$(inherited)",
					"@executable_path/Frameworks",
				);
				PRODUCT_BUNDLE_IDENTIFIER = "ak.To-Do";
				PRODUCT_NAME = "$(TARGET_NAME)";
				SWIFT_VERSION = 5.0;
				TARGETED_DEVICE_FAMILY = "1,2";
			};
			name = Release;
		};
		6555BCB0252C3FAC00E7DF3D /* Debug */ = {
			isa = XCBuildConfiguration;
			buildSettings = {
				BUNDLE_LOADER = "$(TEST_HOST)";
				CLANG_WARN_QUOTED_INCLUDE_IN_FRAMEWORK_HEADER = YES;
				CODE_SIGN_STYLE = Automatic;
				INFOPLIST_FILE = "To-DoTests/Info.plist";
				IPHONEOS_DEPLOYMENT_TARGET = 14.0;
				LD_RUNPATH_SEARCH_PATHS = (
					"$(inherited)",
					"@executable_path/Frameworks",
					"@loader_path/Frameworks",
				);
				PRODUCT_BUNDLE_IDENTIFIER = "ak.To-Do.To-DoTests";
				PRODUCT_NAME = "$(TARGET_NAME)";
				SWIFT_VERSION = 5.0;
				TARGETED_DEVICE_FAMILY = "1,2";
				TEST_HOST = "$(BUILT_PRODUCTS_DIR)/To-Do.app/To-Do";
			};
			name = Debug;
		};
		6555BCB1252C3FAC00E7DF3D /* Release */ = {
			isa = XCBuildConfiguration;
			buildSettings = {
				BUNDLE_LOADER = "$(TEST_HOST)";
				CLANG_WARN_QUOTED_INCLUDE_IN_FRAMEWORK_HEADER = YES;
				CODE_SIGN_STYLE = Automatic;
				INFOPLIST_FILE = "To-DoTests/Info.plist";
				IPHONEOS_DEPLOYMENT_TARGET = 14.0;
				LD_RUNPATH_SEARCH_PATHS = (
					"$(inherited)",
					"@executable_path/Frameworks",
					"@loader_path/Frameworks",
				);
				PRODUCT_BUNDLE_IDENTIFIER = "ak.To-Do.To-DoTests";
				PRODUCT_NAME = "$(TARGET_NAME)";
				SWIFT_VERSION = 5.0;
				TARGETED_DEVICE_FAMILY = "1,2";
				TEST_HOST = "$(BUILT_PRODUCTS_DIR)/To-Do.app/To-Do";
			};
			name = Release;
		};
/* End XCBuildConfiguration section */

/* Begin XCConfigurationList section */
		5BBE55952523A42700090F87 /* Build configuration list for PBXProject "To-Do" */ = {
			isa = XCConfigurationList;
			buildConfigurations = (
				5BBE55AF2523A42C00090F87 /* Debug */,
				5BBE55B02523A42C00090F87 /* Release */,
			);
			defaultConfigurationIsVisible = 0;
			defaultConfigurationName = Release;
		};
		5BBE55B12523A42C00090F87 /* Build configuration list for PBXNativeTarget "To-Do" */ = {
			isa = XCConfigurationList;
			buildConfigurations = (
				5BBE55B22523A42C00090F87 /* Debug */,
				5BBE55B32523A42C00090F87 /* Release */,
			);
			defaultConfigurationIsVisible = 0;
			defaultConfigurationName = Release;
		};
		6555BCB2252C3FAC00E7DF3D /* Build configuration list for PBXNativeTarget "To-DoTests" */ = {
			isa = XCConfigurationList;
			buildConfigurations = (
				6555BCB0252C3FAC00E7DF3D /* Debug */,
				6555BCB1252C3FAC00E7DF3D /* Release */,
			);
			defaultConfigurationIsVisible = 0;
			defaultConfigurationName = Release;
		};
/* End XCConfigurationList section */

/* Begin XCVersionGroup section */
		5BBE55A62523A42700090F87 /* To_Do.xcdatamodeld */ = {
			isa = XCVersionGroup;
			children = (
				E924B48A252D686A004FD116 /* To_Do2.xcdatamodel */,
				5BBE55A72523A42700090F87 /* To_Do.xcdatamodel */,
			);
			currentVersion = E924B48A252D686A004FD116 /* To_Do2.xcdatamodel */;
			path = To_Do.xcdatamodeld;
			sourceTree = "<group>";
			versionGroupType = wrapper.xcdatamodel;
		};
/* End XCVersionGroup section */
	};
	rootObject = 5BBE55922523A42700090F87 /* Project object */;
}
